// !$*UTF8*$!
{
	archiveVersion = 1;
	classes = {
	};
	objectVersion = 46;
	objects = {

/* Begin PBXBuildFile section */
		8B66EB1B1EC1C29300EAAEF5 /* main.m in Sources */ = {isa = PBXBuildFile; fileRef = 8B66EB1A1EC1C29300EAAEF5 /* main.m */; };
		8B66EB1E1EC1C29400EAAEF5 /* AppDelegate.m in Sources */ = {isa = PBXBuildFile; fileRef = 8B66EB1D1EC1C29400EAAEF5 /* AppDelegate.m */; };
		8B66EB211EC1C29400EAAEF5 /* ViewController.m in Sources */ = {isa = PBXBuildFile; fileRef = 8B66EB201EC1C29400EAAEF5 /* ViewController.m */; };
		8B66EB241EC1C29400EAAEF5 /* Main.storyboard in Resources */ = {isa = PBXBuildFile; fileRef = 8B66EB221EC1C29400EAAEF5 /* Main.storyboard */; };
		8B66EB261EC1C29500EAAEF5 /* Assets.xcassets in Resources */ = {isa = PBXBuildFile; fileRef = 8B66EB251EC1C29500EAAEF5 /* Assets.xcassets */; };
		8B66EB291EC1C29500EAAEF5 /* LaunchScreen.storyboard in Resources */ = {isa = PBXBuildFile; fileRef = 8B66EB271EC1C29500EAAEF5 /* LaunchScreen.storyboard */; };
		FA067ADA225B4735008FFFB3 /* UUActionSheet.m in Sources */ = {isa = PBXBuildFile; fileRef = FA067AD9225B4734008FFFB3 /* UUActionSheet.m */; };
		FA067ADE225B4754008FFFB3 /* README.md in Resources */ = {isa = PBXBuildFile; fileRef = FA067ADC225B4754008FFFB3 /* README.md */; };
		FA067ADF225B4754008FFFB3 /* UUActionSheet.podspec in Resources */ = {isa = PBXBuildFile; fileRef = FA067ADD225B4754008FFFB3 /* UUActionSheet.podspec */; };
/* End PBXBuildFile section */

/* Begin PBXFileReference section */
		8B66EB161EC1C29300EAAEF5 /* UUActionSheetDemo.app */ = {isa = PBXFileReference; explicitFileType = wrapper.application; includeInIndex = 0; path = UUActionSheetDemo.app; sourceTree = BUILT_PRODUCTS_DIR; };
		8B66EB1A1EC1C29300EAAEF5 /* main.m */ = {isa = PBXFileReference; lastKnownFileType = sourcecode.c.objc; path = main.m; sourceTree = "<group>"; };
		8B66EB1C1EC1C29400EAAEF5 /* AppDelegate.h */ = {isa = PBXFileReference; lastKnownFileType = sourcecode.c.h; path = AppDelegate.h; sourceTree = "<group>"; };
		8B66EB1D1EC1C29400EAAEF5 /* AppDelegate.m */ = {isa = PBXFileReference; lastKnownFileType = sourcecode.c.objc; path = AppDelegate.m; sourceTree = "<group>"; };
		8B66EB1F1EC1C29400EAAEF5 /* ViewController.h */ = {isa = PBXFileReference; lastKnownFileType = sourcecode.c.h; path = ViewController.h; sourceTree = "<group>"; };
		8B66EB201EC1C29400EAAEF5 /* ViewController.m */ = {isa = PBXFileReference; lastKnownFileType = sourcecode.c.objc; path = ViewController.m; sourceTree = "<group>"; };
		8B66EB231EC1C29400EAAEF5 /* Base */ = {isa = PBXFileReference; lastKnownFileType = file.storyboard; name = Base; path = Base.lproj/Main.storyboard; sourceTree = "<group>"; };
		8B66EB251EC1C29500EAAEF5 /* Assets.xcassets */ = {isa = PBXFileReference; lastKnownFileType = folder.assetcatalog; path = Assets.xcassets; sourceTree = "<group>"; };
		8B66EB281EC1C29500EAAEF5 /* Base */ = {isa = PBXFileReference; lastKnownFileType = file.storyboard; name = Base; path = Base.lproj/LaunchScreen.storyboard; sourceTree = "<group>"; };
		8B66EB2A1EC1C29500EAAEF5 /* Info.plist */ = {isa = PBXFileReference; lastKnownFileType = text.plist.xml; path = Info.plist; sourceTree = "<group>"; };
		FA067AD8225B4734008FFFB3 /* UUActionSheet.h */ = {isa = PBXFileReference; fileEncoding = 4; lastKnownFileType = sourcecode.c.h; path = UUActionSheet.h; sourceTree = "<group>"; };
		FA067AD9225B4734008FFFB3 /* UUActionSheet.m */ = {isa = PBXFileReference; fileEncoding = 4; lastKnownFileType = sourcecode.c.objc; path = UUActionSheet.m; sourceTree = "<group>"; };
		FA067ADC225B4754008FFFB3 /* README.md */ = {isa = PBXFileReference; fileEncoding = 4; lastKnownFileType = net.daringfireball.markdown; name = README.md; path = ../../README.md; sourceTree = "<group>"; };
		FA067ADD225B4754008FFFB3 /* UUActionSheet.podspec */ = {isa = PBXFileReference; fileEncoding = 4; lastKnownFileType = text; name = UUActionSheet.podspec; path = ../../UUActionSheet.podspec; sourceTree = "<group>"; };
/* End PBXFileReference section */

/* Begin PBXFrameworksBuildPhase section */
		8B66EB131EC1C29300EAAEF5 /* Frameworks */ = {
			isa = PBXFrameworksBuildPhase;
			buildActionMask = 2147483647;
			files = (
			);
			runOnlyForDeploymentPostprocessing = 0;
		};
/* End PBXFrameworksBuildPhase section */

/* Begin PBXGroup section */
		8B66EB0D1EC1C29300EAAEF5 = {
			isa = PBXGroup;
			children = (
				8B66EB181EC1C29300EAAEF5 /* UUActionSheetDemo */,
				8B66EB171EC1C29300EAAEF5 /* Products */,
			);
			sourceTree = "<group>";
		};
		8B66EB171EC1C29300EAAEF5 /* Products */ = {
			isa = PBXGroup;
			children = (
				8B66EB161EC1C29300EAAEF5 /* UUActionSheetDemo.app */,
			);
			name = Products;
			sourceTree = "<group>";
		};
		8B66EB181EC1C29300EAAEF5 /* UUActionSheetDemo */ = {
			isa = PBXGroup;
			children = (
				FA067ADB225B4739008FFFB3 /* Pod */,
				FA067AD7225B4734008FFFB3 /* UUActionSheet */,
				8B66EB1C1EC1C29400EAAEF5 /* AppDelegate.h */,
				8B66EB1D1EC1C29400EAAEF5 /* AppDelegate.m */,
				8B66EB1F1EC1C29400EAAEF5 /* ViewController.h */,
				8B66EB201EC1C29400EAAEF5 /* ViewController.m */,
				8B66EB191EC1C29300EAAEF5 /* Supporting Files */,
			);
			path = UUActionSheetDemo;
			sourceTree = "<group>";
		};
		8B66EB191EC1C29300EAAEF5 /* Supporting Files */ = {
			isa = PBXGroup;
			children = (
				8B66EB221EC1C29400EAAEF5 /* Main.storyboard */,
				8B66EB251EC1C29500EAAEF5 /* Assets.xcassets */,
				8B66EB271EC1C29500EAAEF5 /* LaunchScreen.storyboard */,
				8B66EB2A1EC1C29500EAAEF5 /* Info.plist */,
				8B66EB1A1EC1C29300EAAEF5 /* main.m */,
			);
			name = "Supporting Files";
			sourceTree = "<group>";
		};
		FA067AD7225B4734008FFFB3 /* UUActionSheet */ = {
			isa = PBXGroup;
			children = (
				FA067AD8225B4734008FFFB3 /* UUActionSheet.h */,
				FA067AD9225B4734008FFFB3 /* UUActionSheet.m */,
			);
			name = UUActionSheet;
			path = ../../UUActionSheet;
			sourceTree = "<group>";
		};
		FA067ADB225B4739008FFFB3 /* Pod */ = {
			isa = PBXGroup;
			children = (
				FA067ADD225B4754008FFFB3 /* UUActionSheet.podspec */,
				FA067ADC225B4754008FFFB3 /* README.md */,
			);
			name = Pod;
			sourceTree = "<group>";
		};
/* End PBXGroup section */

/* Begin PBXNativeTarget section */
		8B66EB151EC1C29300EAAEF5 /* UUActionSheetDemo */ = {
			isa = PBXNativeTarget;
			buildConfigurationList = 8B66EB2D1EC1C29500EAAEF5 /* Build configuration list for PBXNativeTarget "UUActionSheetDemo" */;
			buildPhases = (
				8B66EB121EC1C29300EAAEF5 /* Sources */,
				8B66EB131EC1C29300EAAEF5 /* Frameworks */,
				8B66EB141EC1C29300EAAEF5 /* Resources */,
			);
			buildRules = (
			);
			dependencies = (
			);
			name = UUActionSheetDemo;
			productName = UUActionSheetDemo;
			productReference = 8B66EB161EC1C29300EAAEF5 /* UUActionSheetDemo.app */;
			productType = "com.apple.product-type.application";
		};
/* End PBXNativeTarget section */

/* Begin PBXProject section */
		8B66EB0E1EC1C29300EAAEF5 /* Project object */ = {
			isa = PBXProject;
			attributes = {
				LastUpgradeCheck = 0830;
				ORGANIZATIONNAME = LEA;
				TargetAttributes = {
					8B66EB151EC1C29300EAAEF5 = {
						CreatedOnToolsVersion = 8.3.1;
						ProvisioningStyle = Automatic;
					};
				};
			};
			buildConfigurationList = 8B66EB111EC1C29300EAAEF5 /* Build configuration list for PBXProject "UUActionSheetDemo" */;
			compatibilityVersion = "Xcode 3.2";
			developmentRegion = English;
			hasScannedForEncodings = 0;
			knownRegions = (
				en,
				Base,
			);
			mainGroup = 8B66EB0D1EC1C29300EAAEF5;
			productRefGroup = 8B66EB171EC1C29300EAAEF5 /* Products */;
			projectDirPath = "";
			projectRoot = "";
			targets = (
				8B66EB151EC1C29300EAAEF5 /* UUActionSheetDemo */,
			);
		};
/* End PBXProject section */

/* Begin PBXResourcesBuildPhase section */
		8B66EB141EC1C29300EAAEF5 /* Resources */ = {
			isa = PBXResourcesBuildPhase;
			buildActionMask = 2147483647;
			files = (
				8B66EB291EC1C29500EAAEF5 /* LaunchScreen.storyboard in Resources */,
				8B66EB261EC1C29500EAAEF5 /* Assets.xcassets in Resources */,
				FA067ADE225B4754008FFFB3 /* README.md in Resources */,
				FA067ADF225B4754008FFFB3 /* UUActionSheet.podspec in Resources */,
				8B66EB241EC1C29400EAAEF5 /* Main.storyboard in Resources */,
			);
			runOnlyForDeploymentPostprocessing = 0;
		};
/* End PBXResourcesBuildPhase section */

/* Begin PBXSourcesBuildPhase section */
		8B66EB121EC1C29300EAAEF5 /* Sources */ = {
			isa = PBXSourcesBuildPhase;
			buildActionMask = 2147483647;
			files = (
				8B66EB211EC1C29400EAAEF5 /* ViewController.m in Sources */,
				8B66EB1E1EC1C29400EAAEF5 /* AppDelegate.m in Sources */,
				8B66EB1B1EC1C29300EAAEF5 /* main.m in Sources */,
				FA067ADA225B4735008FFFB3 /* UUActionSheet.m in Sources */,
			);
			runOnlyForDeploymentPostprocessing = 0;
		};
/* End PBXSourcesBuildPhase section */

/* Begin PBXVariantGroup section */
		8B66EB221EC1C29400EAAEF5 /* Main.storyboard */ = {
			isa = PBXVariantGroup;
			children = (
				8B66EB231EC1C29400EAAEF5 /* Base */,
			);
			name = Main.storyboard;
			sourceTree = "<group>";
		};
		8B66EB271EC1C29500EAAEF5 /* LaunchScreen.storyboard */ = {
			isa = PBXVariantGroup;
			children = (
				8B66EB281EC1C29500EAAEF5 /* Base */,
			);
			name = LaunchScreen.storyboard;
			sourceTree = "<group>";
		};
/* End PBXVariantGroup section */

/* Begin XCBuildConfiguration section */
		8B66EB2B1EC1C29500EAAEF5 /* Debug */ = {
			isa = XCBuildConfiguration;
			buildSettings = {
				ALWAYS_SEARCH_USER_PATHS = NO;
				CLANG_ANALYZER_NONNULL = YES;
				CLANG_ANALYZER_NUMBER_OBJECT_CONVERSION = YES_AGGRESSIVE;
				CLANG_CXX_LANGUAGE_STANDARD = "gnu++0x";
				CLANG_CXX_LIBRARY = "libc++";
				CLANG_ENABLE_MODULES = YES;
				CLANG_ENABLE_OBJC_ARC = YES;
				CLANG_WARN_BOOL_CONVERSION = YES;
				CLANG_WARN_CONSTANT_CONVERSION = YES;
				CLANG_WARN_DIRECT_OBJC_ISA_USAGE = YES_ERROR;
				CLANG_WARN_DOCUMENTATION_COMMENTS = YES;
				CLANG_WARN_EMPTY_BODY = YES;
				CLANG_WARN_ENUM_CONVERSION = YES;
				CLANG_WARN_INFINITE_RECURSION = YES;
				CLANG_WARN_INT_CONVERSION = YES;
				CLANG_WARN_OBJC_ROOT_CLASS = YES_ERROR;
				CLANG_WARN_SUSPICIOUS_MOVE = YES;
				CLANG_WARN_UNREACHABLE_CODE = YES;
				CLANG_WARN__DUPLICATE_METHOD_MATCH = YES;
				"CODE_SIGN_IDENTITY[sdk=iphoneos*]" = "iPhone Developer";
				COPY_PHASE_STRIP = NO;
				DEBUG_INFORMATION_FORMAT = dwarf;
				ENABLE_STRICT_OBJC_MSGSEND = YES;
				ENABLE_TESTABILITY = YES;
				GCC_C_LANGUAGE_STANDARD = gnu99;
				GCC_DYNAMIC_NO_PIC = NO;
				GCC_NO_COMMON_BLOCKS = YES;
				GCC_OPTIMIZATION_LEVEL = 0;
				GCC_PREPROCESSOR_DEFINITIONS = (
					"DEBUG=1",
					"$(inherited)",
				);
				GCC_WARN_64_TO_32_BIT_CONVERSION = YES;
				GCC_WARN_ABOUT_RETURN_TYPE = YES_ERROR;
				GCC_WARN_UNDECLARED_SELECTOR = YES;
				GCC_WARN_UNINITIALIZED_AUTOS = YES_AGGRESSIVE;
				GCC_WARN_UNUSED_FUNCTION = YES;
				GCC_WARN_UNUSED_VARIABLE = YES;
				IPHONEOS_DEPLOYMENT_TARGET = 8.0;
				MTL_ENABLE_DEBUG_INFO = YES;
				ONLY_ACTIVE_ARCH = YES;
				SDKROOT = iphoneos;
			};
			name = Debug;
		};
		8B66EB2C1EC1C29500EAAEF5 /* Release */ = {
			isa = XCBuildConfiguration;
			buildSettings = {
				ALWAYS_SEARCH_USER_PATHS = NO;
				CLANG_ANALYZER_NONNULL = YES;
				CLANG_ANALYZER_NUMBER_OBJECT_CONVERSION = YES_AGGRESSIVE;
				CLANG_CXX_LANGUAGE_STANDARD = "gnu++0x";
				CLANG_CXX_LIBRARY = "libc++";
				CLANG_ENABLE_MODULES = YES;
				CLANG_ENABLE_OBJC_ARC = YES;
				CLANG_WARN_BOOL_CONVERSION = YES;
				CLANG_WARN_CONSTANT_CONVERSION = YES;
				CLANG_WARN_DIRECT_OBJC_ISA_USAGE = YES_ERROR;
				CLANG_WARN_DOCUMENTATION_COMMENTS = YES;
				CLANG_WARN_EMPTY_BODY = YES;
				CLANG_WARN_ENUM_CONVERSION = YES;
				CLANG_WARN_INFINITE_RECURSION = YES;
				CLANG_WARN_INT_CONVERSION = YES;
				CLANG_WARN_OBJC_ROOT_CLASS = YES_ERROR;
				CLANG_WARN_SUSPICIOUS_MOVE = YES;
				CLANG_WARN_UNREACHABLE_CODE = YES;
				CLANG_WARN__DUPLICATE_METHOD_MATCH = YES;
				"CODE_SIGN_IDENTITY[sdk=iphoneos*]" = "iPhone Developer";
				COPY_PHASE_STRIP = NO;
				DEBUG_INFORMATION_FORMAT = "dwarf-with-dsym";
				ENABLE_NS_ASSERTIONS = NO;
				ENABLE_STRICT_OBJC_MSGSEND = YES;
				GCC_C_LANGUAGE_STANDARD = gnu99;
				GCC_NO_COMMON_BLOCKS = YES;
				GCC_WARN_64_TO_32_BIT_CONVERSION = YES;
				GCC_WARN_ABOUT_RETURN_TYPE = YES_ERROR;
				GCC_WARN_UNDECLARED_SELECTOR = YES;
				GCC_WARN_UNINITIALIZED_AUTOS = YES_AGGRESSIVE;
				GCC_WARN_UNUSED_FUNCTION = YES;
				GCC_WARN_UNUSED_VARIABLE = YES;
				IPHONEOS_DEPLOYMENT_TARGET = 8.0;
				MTL_ENABLE_DEBUG_INFO = NO;
				SDKROOT = iphoneos;
				VALIDATE_PRODUCT = YES;
			};
			name = Release;
		};
		8B66EB2E1EC1C29500EAAEF5 /* Debug */ = {
			isa = XCBuildConfiguration;
			buildSettings = {
				ASSETCATALOG_COMPILER_APPICON_NAME = AppIcon;
				CODE_SIGN_IDENTITY = "iPhone Developer";
				CODE_SIGN_STYLE = Automatic;
				DEVELOPMENT_TEAM = "";
				INFOPLIST_FILE = UUActionSheetDemo/Info.plist;
				IPHONEOS_DEPLOYMENT_TARGET = 8.0;
				LD_RUNPATH_SEARCH_PATHS = "$(inherited) @executable_path/Frameworks";
				PRODUCT_BUNDLE_IDENTIFIER = com.lea.UUActionSheetDemo;
				PRODUCT_NAME = "$(TARGET_NAME)";
				PROVISIONING_PROFILE_SPECIFIER = "";
			};
			name = Debug;
		};
		8B66EB2F1EC1C29500EAAEF5 /* Release */ = {
			isa = XCBuildConfiguration;
			buildSettings = {
				ASSETCATALOG_COMPILER_APPICON_NAME = AppIcon;
				CODE_SIGN_IDENTITY = "iPhone Developer";
				CODE_SIGN_STYLE = Automatic;
				DEVELOPMENT_TEAM = "";
				INFOPLIST_FILE = UUActionSheetDemo/Info.plist;
				IPHONEOS_DEPLOYMENT_TARGET = 8.0;
				LD_RUNPATH_SEARCH_PATHS = "$(inherited) @executable_path/Frameworks";
				PRODUCT_BUNDLE_IDENTIFIER = com.lea.UUActionSheetDemo;
				PRODUCT_NAME = "$(TARGET_NAME)";
				PROVISIONING_PROFILE_SPECIFIER = "";
			};
			name = Release;
		};
/* End XCBuildConfiguration section */

/* Begin XCConfigurationList section */
		8B66EB111EC1C29300EAAEF5 /* Build configuration list for PBXProject "UUActionSheetDemo" */ = {
			isa = XCConfigurationList;
			buildConfigurations = (
				8B66EB2B1EC1C29500EAAEF5 /* Debug */,
				8B66EB2C1EC1C29500EAAEF5 /* Release */,
			);
			defaultConfigurationIsVisible = 0;
			defaultConfigurationName = Release;
		};
		8B66EB2D1EC1C29500EAAEF5 /* Build configuration list for PBXNativeTarget "UUActionSheetDemo" */ = {
			isa = XCConfigurationList;
			buildConfigurations = (
				8B66EB2E1EC1C29500EAAEF5 /* Debug */,
				8B66EB2F1EC1C29500EAAEF5 /* Release */,
			);
			defaultConfigurationIsVisible = 0;
			defaultConfigurationName = Release;
		};
/* End XCConfigurationList section */
	};
	rootObject = 8B66EB0E1EC1C29300EAAEF5 /* Project object */;
}
