// !$*UTF8*$!
{
	archiveVersion = 1;
	classes = {
	};
	objectVersion = 46;
	objects = {

/* Begin PBXBuildFile section */
		8B9825661E743B4B00C2D104 /* main.m in Sources */ = {isa = PBXBuildFile; fileRef = 8B9825651E743B4B00C2D104 /* main.m */; };
		8B9825691E743B4B00C2D104 /* AppDelegate.m in Sources */ = {isa = PBXBuildFile; fileRef = 8B9825681E743B4B00C2D104 /* AppDelegate.m */; };
		8B98256C1E743B4B00C2D104 /* ViewController.m in Sources */ = {isa = PBXBuildFile; fileRef = 8B98256B1E743B4B00C2D104 /* ViewController.m */; };
		8B98256F1E743B4B00C2D104 /* Main.storyboard in Resources */ = {isa = PBXBuildFile; fileRef = 8B98256D1E743B4B00C2D104 /* Main.storyboard */; };
		8B9825711E743B4B00C2D104 /* Assets.xcassets in Resources */ = {isa = PBXBuildFile; fileRef = 8B9825701E743B4B00C2D104 /* Assets.xcassets */; };
		8B9825741E743B4B00C2D104 /* LaunchScreen.storyboard in Resources */ = {isa = PBXBuildFile; fileRef = 8B9825721E743B4B00C2D104 /* LaunchScreen.storyboard */; };
		8B98257E1E743BAB00C2D104 /* UUActionSheet.m in Sources */ = {isa = PBXBuildFile; fileRef = 8B98257D1E743BAB00C2D104 /* UUActionSheet.m */; };
/* End PBXBuildFile section */

/* Begin PBXFileReference section */
		8B9825611E743B4B00C2D104 /* UUActionSheetDemo.app */ = {isa = PBXFileReference; explicitFileType = wrapper.application; includeInIndex = 0; path = UUActionSheetDemo.app; sourceTree = BUILT_PRODUCTS_DIR; };
		8B9825651E743B4B00C2D104 /* main.m */ = {isa = PBXFileReference; lastKnownFileType = sourcecode.c.objc; path = main.m; sourceTree = "<group>"; };
		8B9825671E743B4B00C2D104 /* AppDelegate.h */ = {isa = PBXFileReference; lastKnownFileType = sourcecode.c.h; path = AppDelegate.h; sourceTree = "<group>"; };
		8B9825681E743B4B00C2D104 /* AppDelegate.m */ = {isa = PBXFileReference; lastKnownFileType = sourcecode.c.objc; path = AppDelegate.m; sourceTree = "<group>"; };
		8B98256A1E743B4B00C2D104 /* ViewController.h */ = {isa = PBXFileReference; lastKnownFileType = sourcecode.c.h; path = ViewController.h; sourceTree = "<group>"; };
		8B98256B1E743B4B00C2D104 /* ViewController.m */ = {isa = PBXFileReference; lastKnownFileType = sourcecode.c.objc; path = ViewController.m; sourceTree = "<group>"; };
		8B98256E1E743B4B00C2D104 /* Base */ = {isa = PBXFileReference; lastKnownFileType = file.storyboard; name = Base; path = Base.lproj/Main.storyboard; sourceTree = "<group>"; };
		8B9825701E743B4B00C2D104 /* Assets.xcassets */ = {isa = PBXFileReference; lastKnownFileType = folder.assetcatalog; path = Assets.xcassets; sourceTree = "<group>"; };
		8B9825731E743B4B00C2D104 /* Base */ = {isa = PBXFileReference; lastKnownFileType = file.storyboard; name = Base; path = Base.lproj/LaunchScreen.storyboard; sourceTree = "<group>"; };
		8B9825751E743B4B00C2D104 /* Info.plist */ = {isa = PBXFileReference; lastKnownFileType = text.plist.xml; path = Info.plist; sourceTree = "<group>"; };
		8B98257C1E743BAB00C2D104 /* UUActionSheet.h */ = {isa = PBXFileReference; fileEncoding = 4; lastKnownFileType = sourcecode.c.h; name = UUActionSheet.h; path = ../../../../../../lea/Desktop/UUActionSheet/UUActionSheetDemo/UUActionSheetDemo/UUActionSheet/UUActionSheet.h; sourceTree = "<group>"; };
		8B98257D1E743BAB00C2D104 /* UUActionSheet.m */ = {isa = PBXFileReference; fileEncoding = 4; lastKnownFileType = sourcecode.c.objc; name = UUActionSheet.m; path = ../../../../../../lea/Desktop/UUActionSheet/UUActionSheetDemo/UUActionSheetDemo/UUActionSheet/UUActionSheet.m; sourceTree = "<group>"; };
/* End PBXFileReference section */

/* Begin PBXFrameworksBuildPhase section */
		8B98255E1E743B4B00C2D104 /* Frameworks */ = {
			isa = PBXFrameworksBuildPhase;
			buildActionMask = 2147483647;
			files = (
			);
			runOnlyForDeploymentPostprocessing = 0;
		};
/* End PBXFrameworksBuildPhase section */

/* Begin PBXGroup section */
		8B9825581E743B4B00C2D104 = {
			isa = PBXGroup;
			children = (
				8B9825631E743B4B00C2D104 /* UUActionSheetDemo */,
				8B9825621E743B4B00C2D104 /* Products */,
			);
			sourceTree = "<group>";
		};
		8B9825621E743B4B00C2D104 /* Products */ = {
			isa = PBXGroup;
			children = (
				8B9825611E743B4B00C2D104 /* UUActionSheetDemo.app */,
			);
			name = Products;
			sourceTree = "<group>";
		};
		8B9825631E743B4B00C2D104 /* UUActionSheetDemo */ = {
			isa = PBXGroup;
			children = (
				8B98257B1E743B9C00C2D104 /* UUActionSheet */,
				8B9825671E743B4B00C2D104 /* AppDelegate.h */,
				8B9825681E743B4B00C2D104 /* AppDelegate.m */,
				8B98256A1E743B4B00C2D104 /* ViewController.h */,
				8B98256B1E743B4B00C2D104 /* ViewController.m */,
				8B9825641E743B4B00C2D104 /* Supporting Files */,
			);
			path = UUActionSheetDemo;
			sourceTree = "<group>";
		};
		8B9825641E743B4B00C2D104 /* Supporting Files */ = {
			isa = PBXGroup;
			children = (
				8B98256D1E743B4B00C2D104 /* Main.storyboard */,
				8B9825701E743B4B00C2D104 /* Assets.xcassets */,
				8B9825721E743B4B00C2D104 /* LaunchScreen.storyboard */,
				8B9825751E743B4B00C2D104 /* Info.plist */,
				8B9825651E743B4B00C2D104 /* main.m */,
			);
			name = "Supporting Files";
			sourceTree = "<group>";
		};
		8B98257B1E743B9C00C2D104 /* UUActionSheet */ = {
			isa = PBXGroup;
			children = (
				8B98257C1E743BAB00C2D104 /* UUActionSheet.h */,
				8B98257D1E743BAB00C2D104 /* UUActionSheet.m */,
			);
			path = UUActionSheet;
			sourceTree = "<group>";
		};
/* End PBXGroup section */

/* Begin PBXNativeTarget section */
		8B9825601E743B4B00C2D104 /* UUActionSheetDemo */ = {
			isa = PBXNativeTarget;
			buildConfigurationList = 8B9825781E743B4B00C2D104 /* Build configuration list for PBXNativeTarget "UUActionSheetDemo" */;
			buildPhases = (
				8B98255D1E743B4B00C2D104 /* Sources */,
				8B98255E1E743B4B00C2D104 /* Frameworks */,
				8B98255F1E743B4B00C2D104 /* Resources */,
			);
			buildRules = (
			);
			dependencies = (
			);
			name = UUActionSheetDemo;
			productName = UUActionSheetDemo;
			productReference = 8B9825611E743B4B00C2D104 /* UUActionSheetDemo.app */;
			productType = "com.apple.product-type.application";
		};
/* End PBXNativeTarget section */

/* Begin PBXProject section */
		8B9825591E743B4B00C2D104 /* Project object */ = {
			isa = PBXProject;
			attributes = {
				LastUpgradeCheck = 0820;
				ORGANIZATIONNAME = LEA;
				TargetAttributes = {
					8B9825601E743B4B00C2D104 = {
						CreatedOnToolsVersion = 8.2.1;
						DevelopmentTeam = 7NG3VCALPX;
						ProvisioningStyle = Automatic;
					};
				};
			};
			buildConfigurationList = 8B98255C1E743B4B00C2D104 /* Build configuration list for PBXProject "UUActionSheetDemo" */;
			compatibilityVersion = "Xcode 3.2";
			developmentRegion = English;
			hasScannedForEncodings = 0;
			knownRegions = (
				en,
				Base,
			);
			mainGroup = 8B9825581E743B4B00C2D104;
			productRefGroup = 8B9825621E743B4B00C2D104 /* Products */;
			projectDirPath = "";
			projectRoot = "";
			targets = (
				8B9825601E743B4B00C2D104 /* UUActionSheetDemo */,
			);
		};
/* End PBXProject section */

/* Begin PBXResourcesBuildPhase section */
		8B98255F1E743B4B00C2D104 /* Resources */ = {
			isa = PBXResourcesBuildPhase;
			buildActionMask = 2147483647;
			files = (
				8B9825741E743B4B00C2D104 /* LaunchScreen.storyboard in Resources */,
				8B9825711E743B4B00C2D104 /* Assets.xcassets in Resources */,
				8B98256F1E743B4B00C2D104 /* Main.storyboard in Resources */,
			);
			runOnlyForDeploymentPostprocessing = 0;
		};
/* End PBXResourcesBuildPhase section */

/* Begin PBXSourcesBuildPhase section */
		8B98255D1E743B4B00C2D104 /* Sources */ = {
			isa = PBXSourcesBuildPhase;
			buildActionMask = 2147483647;
			files = (
				8B98256C1E743B4B00C2D104 /* ViewController.m in Sources */,
				8B9825691E743B4B00C2D104 /* AppDelegate.m in Sources */,
				8B9825661E743B4B00C2D104 /* main.m in Sources */,
				8B98257E1E743BAB00C2D104 /* UUActionSheet.m in Sources */,
			);
			runOnlyForDeploymentPostprocessing = 0;
		};
/* End PBXSourcesBuildPhase section */

/* Begin PBXVariantGroup section */
		8B98256D1E743B4B00C2D104 /* Main.storyboard */ = {
			isa = PBXVariantGroup;
			children = (
				8B98256E1E743B4B00C2D104 /* Base */,
			);
			name = Main.storyboard;
			sourceTree = "<group>";
		};
		8B9825721E743B4B00C2D104 /* LaunchScreen.storyboard */ = {
			isa = PBXVariantGroup;
			children = (
				8B9825731E743B4B00C2D104 /* Base */,
			);
			name = LaunchScreen.storyboard;
			sourceTree = "<group>";
		};
/* End PBXVariantGroup section */

/* Begin XCBuildConfiguration section */
		8B9825761E743B4B00C2D104 /* Debug */ = {
			isa = XCBuildConfiguration;
			buildSettings = {
				ALWAYS_SEARCH_USER_PATHS = NO;
				CLANG_ANALYZER_NONNULL = YES;
				CLANG_CXX_LANGUAGE_STANDARD = "gnu++0x";
				CLANG_CXX_LIBRARY = "libc++";
				CLANG_ENABLE_MODULES = YES;
				CLANG_ENABLE_OBJC_ARC = YES;
				CLANG_WARN_BOOL_CONVERSION = YES;
				CLANG_WARN_CONSTANT_CONVERSION = YES;
				CLANG_WARN_DIRECT_OBJC_ISA_USAGE = YES_ERROR;
				CLANG_WARN_DOCUMENTATION_COMMENTS = YES;
				CLANG_WARN_EMPTY_BODY = YES;
				CLANG_WARN_ENUM_CONVERSION = YES;
				CLANG_WARN_INFINITE_RECURSION = YES;
				CLANG_WARN_INT_CONVERSION = YES;
				CLANG_WARN_OBJC_ROOT_CLASS = YES_ERROR;
				CLANG_WARN_SUSPICIOUS_MOVE = YES;
				CLANG_WARN_UNREACHABLE_CODE = YES;
				CLANG_WARN__DUPLICATE_METHOD_MATCH = YES;
				"CODE_SIGN_IDENTITY[sdk=iphoneos*]" = "iPhone Developer";
				COPY_PHASE_STRIP = NO;
				DEBUG_INFORMATION_FORMAT = dwarf;
				ENABLE_STRICT_OBJC_MSGSEND = YES;
				ENABLE_TESTABILITY = YES;
				GCC_C_LANGUAGE_STANDARD = gnu99;
				GCC_DYNAMIC_NO_PIC = NO;
				GCC_NO_COMMON_BLOCKS = YES;
				GCC_OPTIMIZATION_LEVEL = 0;
				GCC_PREPROCESSOR_DEFINITIONS = (
					"DEBUG=1",
					"$(inherited)",
				);
				GCC_WARN_64_TO_32_BIT_CONVERSION = YES;
				GCC_WARN_ABOUT_RETURN_TYPE = YES_ERROR;
				GCC_WARN_UNDECLARED_SELECTOR = YES;
				GCC_WARN_UNINITIALIZED_AUTOS = YES_AGGRESSIVE;
				GCC_WARN_UNUSED_FUNCTION = YES;
				GCC_WARN_UNUSED_VARIABLE = YES;
				IPHONEOS_DEPLOYMENT_TARGET = 7.0;
				MTL_ENABLE_DEBUG_INFO = YES;
				ONLY_ACTIVE_ARCH = YES;
				SDKROOT = iphoneos;
			};
			name = Debug;
		};
		8B9825771E743B4B00C2D104 /* Release */ = {
			isa = XCBuildConfiguration;
			buildSettings = {
				ALWAYS_SEARCH_USER_PATHS = NO;
				CLANG_ANALYZER_NONNULL = YES;
				CLANG_CXX_LANGUAGE_STANDARD = "gnu++0x";
				CLANG_CXX_LIBRARY = "libc++";
				CLANG_ENABLE_MODULES = YES;
				CLANG_ENABLE_OBJC_ARC = YES;
				CLANG_WARN_BOOL_CONVERSION = YES;
				CLANG_WARN_CONSTANT_CONVERSION = YES;
				CLANG_WARN_DIRECT_OBJC_ISA_USAGE = YES_ERROR;
				CLANG_WARN_DOCUMENTATION_COMMENTS = YES;
				CLANG_WARN_EMPTY_BODY = YES;
				CLANG_WARN_ENUM_CONVERSION = YES;
				CLANG_WARN_INFINITE_RECURSION = YES;
				CLANG_WARN_INT_CONVERSION = YES;
				CLANG_WARN_OBJC_ROOT_CLASS = YES_ERROR;
				CLANG_WARN_SUSPICIOUS_MOVE = YES;
				CLANG_WARN_UNREACHABLE_CODE = YES;
				CLANG_WARN__DUPLICATE_METHOD_MATCH = YES;
				"CODE_SIGN_IDENTITY[sdk=iphoneos*]" = "iPhone Developer";
				COPY_PHASE_STRIP = NO;
				DEBUG_INFORMATION_FORMAT = "dwarf-with-dsym";
				ENABLE_NS_ASSERTIONS = NO;
				ENABLE_STRICT_OBJC_MSGSEND = YES;
				GCC_C_LANGUAGE_STANDARD = gnu99;
				GCC_NO_COMMON_BLOCKS = YES;
				GCC_WARN_64_TO_32_BIT_CONVERSION = YES;
				GCC_WARN_ABOUT_RETURN_TYPE = YES_ERROR;
				GCC_WARN_UNDECLARED_SELECTOR = YES;
				GCC_WARN_UNINITIALIZED_AUTOS = YES_AGGRESSIVE;
				GCC_WARN_UNUSED_FUNCTION = YES;
				GCC_WARN_UNUSED_VARIABLE = YES;
				IPHONEOS_DEPLOYMENT_TARGET = 7.0;
				MTL_ENABLE_DEBUG_INFO = NO;
				SDKROOT = iphoneos;
				VALIDATE_PRODUCT = YES;
			};
			name = Release;
		};
		8B9825791E743B4B00C2D104 /* Debug */ = {
			isa = XCBuildConfiguration;
			buildSettings = {
				ASSETCATALOG_COMPILER_APPICON_NAME = AppIcon;
				DEVELOPMENT_TEAM = 7NG3VCALPX;
				INFOPLIST_FILE = UUActionSheetDemo/Info.plist;
				LD_RUNPATH_SEARCH_PATHS = "$(inherited) @executable_path/Frameworks";
				PRODUCT_BUNDLE_IDENTIFIER = com.lea.UUActionSheetDemo;
				PRODUCT_NAME = "$(TARGET_NAME)";
			};
			name = Debug;
		};
		8B98257A1E743B4B00C2D104 /* Release */ = {
			isa = XCBuildConfiguration;
			buildSettings = {
				ASSETCATALOG_COMPILER_APPICON_NAME = AppIcon;
				DEVELOPMENT_TEAM = 7NG3VCALPX;
				INFOPLIST_FILE = UUActionSheetDemo/Info.plist;
				LD_RUNPATH_SEARCH_PATHS = "$(inherited) @executable_path/Frameworks";
				PRODUCT_BUNDLE_IDENTIFIER = com.lea.UUActionSheetDemo;
				PRODUCT_NAME = "$(TARGET_NAME)";
			};
			name = Release;
		};
/* End XCBuildConfiguration section */

/* Begin XCConfigurationList section */
		8B98255C1E743B4B00C2D104 /* Build configuration list for PBXProject "UUActionSheetDemo" */ = {
			isa = XCConfigurationList;
			buildConfigurations = (
				8B9825761E743B4B00C2D104 /* Debug */,
				8B9825771E743B4B00C2D104 /* Release */,
			);
			defaultConfigurationIsVisible = 0;
			defaultConfigurationName = Release;
		};
		8B9825781E743B4B00C2D104 /* Build configuration list for PBXNativeTarget "UUActionSheetDemo" */ = {
			isa = XCConfigurationList;
			buildConfigurations = (
				8B9825791E743B4B00C2D104 /* Debug */,
				8B98257A1E743B4B00C2D104 /* Release */,
			);
			defaultConfigurationIsVisible = 0;
			defaultConfigurationName = Release;
		};
/* End XCConfigurationList section */
	};
	rootObject = 8B9825591E743B4B00C2D104 /* Project object */;
}
